
Microsoft Visual Studio Solution File, Format Version 12.00
# Visual Studio Version 17
VisualStudioVersion = 17.1.32421.90
MinimumVisualStudioVersion = 10.0.40219.1
Project("{FAE04EC0-301F-11D3-BF4B-00C04F79EFBC}") = "PortfolioCore", "PortfolioCore\PortfolioCore.csproj", "{6D9BB133-483D-4E41-8D15-159E7979607D}"
EndProject
Global
	GlobalSection(SolutionConfigurationPlatforms) = preSolution
		Debug|Any CPU = Debug|Any CPU
		Release|Any CPU = Release|Any CPU
	EndGlobalSection
	GlobalSection(ProjectConfigurationPlatforms) = postSolution
		{6D9BB133-483D-4E41-8D15-159E7979607D}.Debug|Any CPU.ActiveCfg = Debug|Any CPU
		{6D9BB133-483D-4E41-8D15-159E7979607D}.Debug|Any CPU.Build.0 = Debug|Any CPU
		{6D9BB133-483D-4E41-8D15-159E7979607D}.Release|Any CPU.ActiveCfg = Release|Any CPU
		{6D9BB133-483D-4E41-8D15-159E7979607D}.Release|Any CPU.Build.0 = Release|Any CPU
	EndGlobalSection
	GlobalSection(SolutionProperties) = preSolution
		HideSolutionNode = FALSE
	EndGlobalSection
	GlobalSection(ExtensibilityGlobals) = postSolution
		SolutionGuid = {B0E8B949-6FCD-4440-B538-76F10E1EF2D0}
	EndGlobalSection
EndGlobal
